# THIS IS AN AUTOGENERATED FILE. DO NOT EDIT THIS FILE DIRECTLY.
# yarn lockfile v1


ace-builds@^1.2.9:
  version "1.2.9"
  resolved "https://registry.yarnpkg.com/ace-builds/-/ace-builds-1.2.9.tgz#2947fb47a881005e914e3dd8d095b6e84e5e5216"

font-awesome@^4.7.0:
  version "4.7.0"
  resolved "https://registry.yarnpkg.com/font-awesome/-/font-awesome-4.7.0.tgz#8fa8cf0411a1a31afd07b06d2902bb9fc815a133"

jquery.cookie@^1.4.1:
  version "1.4.1"
  resolved "https://registry.yarnpkg.com/jquery.cookie/-/jquery.cookie-1.4.1.tgz#d63dce209eab691fe63316db08ca9e47e0f9385b"

jquery@^3.2.1:
  version "3.2.1"
  resolved "https://registry.yarnpkg.com/jquery/-/jquery-3.2.1.tgz#5c4d9de652af6cd0a770154a631bba12b015c787"

node-promise@^0.5.10:
  version "0.5.12"
  resolved "https://registry.yarnpkg.com/node-promise/-/node-promise-0.5.12.tgz#b0acf9bc2229a76407c077b926592f99b3b4e1f1"

uikit@2:
  version "2.27.4"
  resolved "https://registry.yarnpkg.com/uikit/-/uikit-2.27.4.tgz#dc0a2dde23f4fbf47fb393c7056fd794f771f255"
  dependencies:
    node-promise "^0.5.10"
